// !$*UTF8*$!
{
	archiveVersion = 1;
	classes = {
	};
	objectVersion = 50;
	objects = {

/* Begin PBXBuildFile section */
		2050DAE0254B350700C6F3C0 /* AppDelegate.swift in Sources */ = {isa = PBXBuildFile; fileRef = 2050DADF254B350700C6F3C0 /* AppDelegate.swift */; };
		2050DAE2254B350700C6F3C0 /* SceneDelegate.swift in Sources */ = {isa = PBXBuildFile; fileRef = 2050DAE1254B350700C6F3C0 /* SceneDelegate.swift */; };
		2050DAE4254B350700C6F3C0 /* ContentView.swift in Sources */ = {isa = PBXBuildFile; fileRef = 2050DAE3254B350700C6F3C0 /* ContentView.swift */; };
		2050DAE6254B350800C6F3C0 /* Assets.xcassets in Resources */ = {isa = PBXBuildFile; fileRef = 2050DAE5254B350800C6F3C0 /* Assets.xcassets */; };
		2050DAE9254B350800C6F3C0 /* Preview Assets.xcassets in Resources */ = {isa = PBXBuildFile; fileRef = 2050DAE8254B350800C6F3C0 /* Preview Assets.xcassets */; };
		2050DAEC254B350800C6F3C0 /* LaunchScreen.storyboard in Resources */ = {isa = PBXBuildFile; fileRef = 2050DAEA254B350800C6F3C0 /* LaunchScreen.storyboard */; };
		2050DAF6254B3DD400C6F3C0 /* NetworkManager.swift in Sources */ = {isa = PBXBuildFile; fileRef = 2050DAF5254B3DD400C6F3C0 /* NetworkManager.swift */; };
		2050DAFA254B529A00C6F3C0 /* PostData.swift in Sources */ = {isa = PBXBuildFile; fileRef = 2050DAF9254B529A00C6F3C0 /* PostData.swift */; };
		2050DAFE254C4E6C00C6F3C0 /* DetailView.swift in Sources */ = {isa = PBXBuildFile; fileRef = 2050DAFD254C4E6C00C6F3C0 /* DetailView.swift */; };
		2050DB04254C53CD00C6F3C0 /* WebView.swift in Sources */ = {isa = PBXBuildFile; fileRef = 2050DB03254C53CD00C6F3C0 /* WebView.swift */; };
/* End PBXBuildFile section */

/* Begin PBXFileReference section */
		2050DADC254B350700C6F3C0 /* H4XQR News.app */ = {isa = PBXFileReference; explicitFileType = wrapper.application; includeInIndex = 0; path = "H4XQR News.app"; sourceTree = BUILT_PRODUCTS_DIR; };
		2050DADF254B350700C6F3C0 /* AppDelegate.swift */ = {isa = PBXFileReference; lastKnownFileType = sourcecode.swift; path = AppDelegate.swift; sourceTree = "<group>"; };
		2050DAE1254B350700C6F3C0 /* SceneDelegate.swift */ = {isa = PBXFileReference; lastKnownFileType = sourcecode.swift; path = SceneDelegate.swift; sourceTree = "<group>"; };
		2050DAE3254B350700C6F3C0 /* ContentView.swift */ = {isa = PBXFileReference; lastKnownFileType = sourcecode.swift; path = ContentView.swift; sourceTree = "<group>"; };
		2050DAE5254B350800C6F3C0 /* Assets.xcassets */ = {isa = PBXFileReference; lastKnownFileType = folder.assetcatalog; path = Assets.xcassets; sourceTree = "<group>"; };
		2050DAE8254B350800C6F3C0 /* Preview Assets.xcassets */ = {isa = PBXFileReference; lastKnownFileType = folder.assetcatalog; path = "Preview Assets.xcassets"; sourceTree = "<group>"; };
		2050DAEB254B350800C6F3C0 /* Base */ = {isa = PBXFileReference; lastKnownFileType = file.storyboard; name = Base; path = Base.lproj/LaunchScreen.storyboard; sourceTree = "<group>"; };
		2050DAED254B350800C6F3C0 /* Info.plist */ = {isa = PBXFileReference; lastKnownFileType = text.plist.xml; path = Info.plist; sourceTree = "<group>"; };
		2050DAF5254B3DD400C6F3C0 /* NetworkManager.swift */ = {isa = PBXFileReference; lastKnownFileType = sourcecode.swift; path = NetworkManager.swift; sourceTree = "<group>"; };
		2050DAF9254B529A00C6F3C0 /* PostData.swift */ = {isa = PBXFileReference; lastKnownFileType = sourcecode.swift; path = PostData.swift; sourceTree = "<group>"; };
		2050DAFD254C4E6C00C6F3C0 /* DetailView.swift */ = {isa = PBXFileReference; lastKnownFileType = sourcecode.swift; path = DetailView.swift; sourceTree = "<group>"; };
		2050DB03254C53CD00C6F3C0 /* WebView.swift */ = {isa = PBXFileReference; lastKnownFileType = sourcecode.swift; path = WebView.swift; sourceTree = "<group>"; };
		2050DB06254C550D00C6F3C0 /* H4XQR News.entitlements */ = {isa = PBXFileReference; lastKnownFileType = text.plist.entitlements; path = "H4XQR News.entitlements"; sourceTree = "<group>"; };
/* End PBXFileReference section */

/* Begin PBXFrameworksBuildPhase section */
		2050DAD9254B350700C6F3C0 /* Frameworks */ = {
			isa = PBXFrameworksBuildPhase;
			buildActionMask = 2147483647;
			files = (
			);
			runOnlyForDeploymentPostprocessing = 0;
		};
/* End PBXFrameworksBuildPhase section */

/* Begin PBXGroup section */
		2050DAD3254B350700C6F3C0 = {
			isa = PBXGroup;
			children = (
				2050DADE254B350700C6F3C0 /* H4XQR News */,
				2050DADD254B350700C6F3C0 /* Products */,
			);
			sourceTree = "<group>";
		};
		2050DADD254B350700C6F3C0 /* Products */ = {
			isa = PBXGroup;
			children = (
				2050DADC254B350700C6F3C0 /* H4XQR News.app */,
			);
			name = Products;
			sourceTree = "<group>";
		};
		2050DADE254B350700C6F3C0 /* H4XQR News */ = {
			isa = PBXGroup;
			children = (
				2050DB06254C550D00C6F3C0 /* H4XQR News.entitlements */,
				2050DADF254B350700C6F3C0 /* AppDelegate.swift */,
				2050DAE1254B350700C6F3C0 /* SceneDelegate.swift */,
				2050DAFC254C4E4F00C6F3C0 /* Views */,
				2050DAF4254B3DC400C6F3C0 /* Models */,
				2050DAE5254B350800C6F3C0 /* Assets.xcassets */,
				2050DAEA254B350800C6F3C0 /* LaunchScreen.storyboard */,
				2050DAED254B350800C6F3C0 /* Info.plist */,
				2050DAE7254B350800C6F3C0 /* Preview Content */,
			);
			path = "H4XQR News";
			sourceTree = "<group>";
		};
		2050DAE7254B350800C6F3C0 /* Preview Content */ = {
			isa = PBXGroup;
			children = (
				2050DAE8254B350800C6F3C0 /* Preview Assets.xcassets */,
			);
			path = "Preview Content";
			sourceTree = "<group>";
		};
		2050DAF4254B3DC400C6F3C0 /* Models */ = {
			isa = PBXGroup;
			children = (
				2050DAF5254B3DD400C6F3C0 /* NetworkManager.swift */,
				2050DAF9254B529A00C6F3C0 /* PostData.swift */,
			);
			path = Models;
			sourceTree = "<group>";
		};
		2050DAFC254C4E4F00C6F3C0 /* Views */ = {
			isa = PBXGroup;
			children = (
				2050DAE3254B350700C6F3C0 /* ContentView.swift */,
				2050DAFD254C4E6C00C6F3C0 /* DetailView.swift */,
				2050DB03254C53CD00C6F3C0 /* WebView.swift */,
			);
			path = Views;
			sourceTree = "<group>";
		};
/* End PBXGroup section */

/* Begin PBXNativeTarget section */
		2050DADB254B350700C6F3C0 /* H4XQR News */ = {
			isa = PBXNativeTarget;
			buildConfigurationList = 2050DAF0254B350800C6F3C0 /* Build configuration list for PBXNativeTarget "H4XQR News" */;
			buildPhases = (
				2050DAD8254B350700C6F3C0 /* Sources */,
				2050DAD9254B350700C6F3C0 /* Frameworks */,
				2050DADA254B350700C6F3C0 /* Resources */,
			);
			buildRules = (
			);
			dependencies = (
			);
			name = "H4XQR News";
			productName = "H4XQR News";
			productReference = 2050DADC254B350700C6F3C0 /* H4XQR News.app */;
			productType = "com.apple.product-type.application";
		};
/* End PBXNativeTarget section */

/* Begin PBXProject section */
		2050DAD4254B350700C6F3C0 /* Project object */ = {
			isa = PBXProject;
			attributes = {
				LastSwiftUpdateCheck = 1200;
				LastUpgradeCheck = 1200;
				TargetAttributes = {
					2050DADB254B350700C6F3C0 = {
						CreatedOnToolsVersion = 12.0.1;
					};
				};
			};
			buildConfigurationList = 2050DAD7254B350700C6F3C0 /* Build configuration list for PBXProject "H4XQR News" */;
			compatibilityVersion = "Xcode 9.3";
			developmentRegion = en;
			hasScannedForEncodings = 0;
			knownRegions = (
				en,
				Base,
			);
			mainGroup = 2050DAD3254B350700C6F3C0;
			productRefGroup = 2050DADD254B350700C6F3C0 /* Products */;
			projectDirPath = "";
			projectRoot = "";
			targets = (
				2050DADB254B350700C6F3C0 /* H4XQR News */,
			);
		};
/* End PBXProject section */

/* Begin PBXResourcesBuildPhase section */
		2050DADA254B350700C6F3C0 /* Resources */ = {
			isa = PBXResourcesBuildPhase;
			buildActionMask = 2147483647;
			files = (
				2050DAEC254B350800C6F3C0 /* LaunchScreen.storyboard in Resources */,
				2050DAE9254B350800C6F3C0 /* Preview Assets.xcassets in Resources */,
				2050DAE6254B350800C6F3C0 /* Assets.xcassets in Resources */,
			);
			runOnlyForDeploymentPostprocessing = 0;
		};
/* End PBXResourcesBuildPhase section */

/* Begin PBXSourcesBuildPhase section */
		2050DAD8254B350700C6F3C0 /* Sources */ = {
			isa = PBXSourcesBuildPhase;
			buildActionMask = 2147483647;
			files = (
				2050DAFA254B529A00C6F3C0 /* PostData.swift in Sources */,
				2050DAF6254B3DD400C6F3C0 /* NetworkManager.swift in Sources */,
				2050DAFE254C4E6C00C6F3C0 /* DetailView.swift in Sources */,
				2050DAE0254B350700C6F3C0 /* AppDelegate.swift in Sources */,
				2050DAE2254B350700C6F3C0 /* SceneDelegate.swift in Sources */,
				2050DAE4254B350700C6F3C0 /* ContentView.swift in Sources */,
				2050DB04254C53CD00C6F3C0 /* WebView.swift in Sources */,
			);
			runOnlyForDeploymentPostprocessing = 0;
		};
/* End PBXSourcesBuildPhase section */

/* Begin PBXVariantGroup section */
		2050DAEA254B350800C6F3C0 /* LaunchScreen.storyboard */ = {
			isa = PBXVariantGroup;
			children = (
				2050DAEB254B350800C6F3C0 /* Base */,
			);
			name = LaunchScreen.storyboard;
			sourceTree = "<group>";
		};
/* End PBXVariantGroup section */

/* Begin XCBuildConfiguration section */
		2050DAEE254B350800C6F3C0 /* Debug */ = {
			isa = XCBuildConfiguration;
			buildSettings = {
				ALWAYS_SEARCH_USER_PATHS = NO;
				CLANG_ANALYZER_NONNULL = YES;
				CLANG_ANALYZER_NUMBER_OBJECT_CONVERSION = YES_AGGRESSIVE;
				CLANG_CXX_LANGUAGE_STANDARD = "gnu++14";
				CLANG_CXX_LIBRARY = "libc++";
				CLANG_ENABLE_MODULES = YES;
				CLANG_ENABLE_OBJC_ARC = YES;
				CLANG_ENABLE_OBJC_WEAK = YES;
				CLANG_WARN_BLOCK_CAPTURE_AUTORELEASING = YES;
				CLANG_WARN_BOOL_CONVERSION = YES;
				CLANG_WARN_COMMA = YES;
				CLANG_WARN_CONSTANT_CONVERSION = YES;
				CLANG_WARN_DEPRECATED_OBJC_IMPLEMENTATIONS = YES;
				CLANG_WARN_DIRECT_OBJC_ISA_USAGE = YES_ERROR;
				CLANG_WARN_DOCUMENTATION_COMMENTS = YES;
				CLANG_WARN_EMPTY_BODY = YES;
				CLANG_WARN_ENUM_CONVERSION = YES;
				CLANG_WARN_INFINITE_RECURSION = YES;
				CLANG_WARN_INT_CONVERSION = YES;
				CLANG_WARN_NON_LITERAL_NULL_CONVERSION = YES;
				CLANG_WARN_OBJC_IMPLICIT_RETAIN_SELF = YES;
				CLANG_WARN_OBJC_LITERAL_CONVERSION = YES;
				CLANG_WARN_OBJC_ROOT_CLASS = YES_ERROR;
				CLANG_WARN_QUOTED_INCLUDE_IN_FRAMEWORK_HEADER = YES;
				CLANG_WARN_RANGE_LOOP_ANALYSIS = YES;
				CLANG_WARN_STRICT_PROTOTYPES = YES;
				CLANG_WARN_SUSPICIOUS_MOVE = YES;
				CLANG_WARN_UNGUARDED_AVAILABILITY = YES_AGGRESSIVE;
				CLANG_WARN_UNREACHABLE_CODE = YES;
				CLANG_WARN__DUPLICATE_METHOD_MATCH = YES;
				COPY_PHASE_STRIP = NO;
				DEBUG_INFORMATION_FORMAT = dwarf;
				ENABLE_STRICT_OBJC_MSGSEND = YES;
				ENABLE_TESTABILITY = YES;
				GCC_C_LANGUAGE_STANDARD = gnu11;
				GCC_DYNAMIC_NO_PIC = NO;
				GCC_NO_COMMON_BLOCKS = YES;
				GCC_OPTIMIZATION_LEVEL = 0;
				GCC_PREPROCESSOR_DEFINITIONS = (
					"DEBUG=1",
					"$(inherited)",
				);
				GCC_WARN_64_TO_32_BIT_CONVERSION = YES;
				GCC_WARN_ABOUT_RETURN_TYPE = YES_ERROR;
				GCC_WARN_UNDECLARED_SELECTOR = YES;
				GCC_WARN_UNINITIALIZED_AUTOS = YES_AGGRESSIVE;
				GCC_WARN_UNUSED_FUNCTION = YES;
				GCC_WARN_UNUSED_VARIABLE = YES;
				IPHONEOS_DEPLOYMENT_TARGET = 14.0;
				MTL_ENABLE_DEBUG_INFO = INCLUDE_SOURCE;
				MTL_FAST_MATH = YES;
				ONLY_ACTIVE_ARCH = YES;
				SDKROOT = iphoneos;
				SWIFT_ACTIVE_COMPILATION_CONDITIONS = DEBUG;
				SWIFT_OPTIMIZATION_LEVEL = "-Onone";
			};
			name = Debug;
		};
		2050DAEF254B350800C6F3C0 /* Release */ = {
			isa = XCBuildConfiguration;
			buildSettings = {
				ALWAYS_SEARCH_USER_PATHS = NO;
				CLANG_ANALYZER_NONNULL = YES;
				CLANG_ANALYZER_NUMBER_OBJECT_CONVERSION = YES_AGGRESSIVE;
				CLANG_CXX_LANGUAGE_STANDARD = "gnu++14";
				CLANG_CXX_LIBRARY = "libc++";
				CLANG_ENABLE_MODULES = YES;
				CLANG_ENABLE_OBJC_ARC = YES;
				CLANG_ENABLE_OBJC_WEAK = YES;
				CLANG_WARN_BLOCK_CAPTURE_AUTORELEASING = YES;
				CLANG_WARN_BOOL_CONVERSION = YES;
				CLANG_WARN_COMMA = YES;
				CLANG_WARN_CONSTANT_CONVERSION = YES;
				CLANG_WARN_DEPRECATED_OBJC_IMPLEMENTATIONS = YES;
				CLANG_WARN_DIRECT_OBJC_ISA_USAGE = YES_ERROR;
				CLANG_WARN_DOCUMENTATION_COMMENTS = YES;
				CLANG_WARN_EMPTY_BODY = YES;
				CLANG_WARN_ENUM_CONVERSION = YES;
				CLANG_WARN_INFINITE_RECURSION = YES;
				CLANG_WARN_INT_CONVERSION = YES;
				CLANG_WARN_NON_LITERAL_NULL_CONVERSION = YES;
				CLANG_WARN_OBJC_IMPLICIT_RETAIN_SELF = YES;
				CLANG_WARN_OBJC_LITERAL_CONVERSION = YES;
				CLANG_WARN_OBJC_ROOT_CLASS = YES_ERROR;
				CLANG_WARN_QUOTED_INCLUDE_IN_FRAMEWORK_HEADER = YES;
				CLANG_WARN_RANGE_LOOP_ANALYSIS = YES;
				CLANG_WARN_STRICT_PROTOTYPES = YES;
				CLANG_WARN_SUSPICIOUS_MOVE = YES;
				CLANG_WARN_UNGUARDED_AVAILABILITY = YES_AGGRESSIVE;
				CLANG_WARN_UNREACHABLE_CODE = YES;
				CLANG_WARN__DUPLICATE_METHOD_MATCH = YES;
				COPY_PHASE_STRIP = NO;
				DEBUG_INFORMATION_FORMAT = "dwarf-with-dsym";
				ENABLE_NS_ASSERTIONS = NO;
				ENABLE_STRICT_OBJC_MSGSEND = YES;
				GCC_C_LANGUAGE_STANDARD = gnu11;
				GCC_NO_COMMON_BLOCKS = YES;
				GCC_WARN_64_TO_32_BIT_CONVERSION = YES;
				GCC_WARN_ABOUT_RETURN_TYPE = YES_ERROR;
				GCC_WARN_UNDECLARED_SELECTOR = YES;
				GCC_WARN_UNINITIALIZED_AUTOS = YES_AGGRESSIVE;
				GCC_WARN_UNUSED_FUNCTION = YES;
				GCC_WARN_UNUSED_VARIABLE = YES;
				IPHONEOS_DEPLOYMENT_TARGET = 14.0;
				MTL_ENABLE_DEBUG_INFO = NO;
				MTL_FAST_MATH = YES;
				SDKROOT = iphoneos;
				SWIFT_COMPILATION_MODE = wholemodule;
				SWIFT_OPTIMIZATION_LEVEL = "-O";
				VALIDATE_PRODUCT = YES;
			};
			name = Release;
		};
		2050DAF1254B350800C6F3C0 /* Debug */ = {
			isa = XCBuildConfiguration;
			buildSettings = {
				ASSETCATALOG_COMPILER_APPICON_NAME = AppIcon;
				ASSETCATALOG_COMPILER_GLOBAL_ACCENT_COLOR_NAME = AccentColor;
				CODE_SIGN_ENTITLEMENTS = "H4XQR News/H4XQR News.entitlements";
				"CODE_SIGN_IDENTITY[sdk=macosx*]" = "-";
				CODE_SIGN_STYLE = Automatic;
				DEVELOPMENT_ASSET_PATHS = "\"H4XQR News/Preview Content\"";
				DEVELOPMENT_TEAM = LQ37SPK65G;
				ENABLE_PREVIEWS = YES;
				INFOPLIST_FILE = "H4XQR News/Info.plist";
				LD_RUNPATH_SEARCH_PATHS = (
					"$(inherited)",
					"@executable_path/Frameworks",
				);
				PRODUCT_BUNDLE_IDENTIFIER = "Hyunhak-Lee.H4XQR-News";
				PRODUCT_NAME = "$(TARGET_NAME)";
				SUPPORTS_MACCATALYST = YES;
				SWIFT_VERSION = 5.0;
				TARGETED_DEVICE_FAMILY = "1,2";
			};
			name = Debug;
		};
		2050DAF2254B350800C6F3C0 /* Release */ = {
			isa = XCBuildConfiguration;
			buildSettings = {
				ASSETCATALOG_COMPILER_APPICON_NAME = AppIcon;
				ASSETCATALOG_COMPILER_GLOBAL_ACCENT_COLOR_NAME = AccentColor;
				CODE_SIGN_ENTITLEMENTS = "H4XQR News/H4XQR News.entitlements";
				"CODE_SIGN_IDENTITY[sdk=macosx*]" = "-";
				CODE_SIGN_STYLE = Automatic;
				DEVELOPMENT_ASSET_PATHS = "\"H4XQR News/Preview Content\"";
				DEVELOPMENT_TEAM = LQ37SPK65G;
				ENABLE_PREVIEWS = YES;
				INFOPLIST_FILE = "H4XQR News/Info.plist";
				LD_RUNPATH_SEARCH_PATHS = (
					"$(inherited)",
					"@executable_path/Frameworks",
				);
				PRODUCT_BUNDLE_IDENTIFIER = "Hyunhak-Lee.H4XQR-News";
				PRODUCT_NAME = "$(TARGET_NAME)";
				SUPPORTS_MACCATALYST = YES;
				SWIFT_VERSION = 5.0;
				TARGETED_DEVICE_FAMILY = "1,2";
			};
			name = Release;
		};
/* End XCBuildConfiguration section */

/* Begin XCConfigurationList section */
		2050DAD7254B350700C6F3C0 /* Build configuration list for PBXProject "H4XQR News" */ = {
			isa = XCConfigurationList;
			buildConfigurations = (
				2050DAEE254B350800C6F3C0 /* Debug */,
				2050DAEF254B350800C6F3C0 /* Release */,
			);
			defaultConfigurationIsVisible = 0;
			defaultConfigurationName = Release;
		};
		2050DAF0254B350800C6F3C0 /* Build configuration list for PBXNativeTarget "H4XQR News" */ = {
			isa = XCConfigurationList;
			buildConfigurations = (
				2050DAF1254B350800C6F3C0 /* Debug */,
				2050DAF2254B350800C6F3C0 /* Release */,
			);
			defaultConfigurationIsVisible = 0;
			defaultConfigurationName = Release;
		};
/* End XCConfigurationList section */
	};
	rootObject = 2050DAD4254B350700C6F3C0 /* Project object */;
}
