// !$*UTF8*$!
{
	archiveVersion = 1;
	classes = {
	};
	objectVersion = 50;
	objects = {

/* Begin PBXBuildFile section */
		20ACACDC255D9956008DEE19 /* AppDelegate.swift in Sources */ = {isa = PBXBuildFile; fileRef = 20ACACDB255D9956008DEE19 /* AppDelegate.swift */; };
		20ACACDE255D9956008DEE19 /* art.scnassets in Resources */ = {isa = PBXBuildFile; fileRef = 20ACACDD255D9956008DEE19 /* art.scnassets */; };
		20ACACE0255D9956008DEE19 /* ViewController.swift in Sources */ = {isa = PBXBuildFile; fileRef = 20ACACDF255D9956008DEE19 /* ViewController.swift */; };
		20ACACE3255D9956008DEE19 /* Main.storyboard in Resources */ = {isa = PBXBuildFile; fileRef = 20ACACE1255D9956008DEE19 /* Main.storyboard */; };
		20ACACE5255D9957008DEE19 /* Assets.xcassets in Resources */ = {isa = PBXBuildFile; fileRef = 20ACACE4255D9957008DEE19 /* Assets.xcassets */; };
		20ACACE8255D9957008DEE19 /* LaunchScreen.storyboard in Resources */ = {isa = PBXBuildFile; fileRef = 20ACACE6255D9957008DEE19 /* LaunchScreen.storyboard */; };
		20ACACF1255D9997008DEE19 /* harrypotter.mp4 in Resources */ = {isa = PBXBuildFile; fileRef = 20ACACF0255D9997008DEE19 /* harrypotter.mp4 */; };
/* End PBXBuildFile section */

/* Begin PBXFileReference section */
		20ACACD8255D9956008DEE19 /* newpaper.app */ = {isa = PBXFileReference; explicitFileType = wrapper.application; includeInIndex = 0; path = newpaper.app; sourceTree = BUILT_PRODUCTS_DIR; };
		20ACACDB255D9956008DEE19 /* AppDelegate.swift */ = {isa = PBXFileReference; lastKnownFileType = sourcecode.swift; path = AppDelegate.swift; sourceTree = "<group>"; };
		20ACACDD255D9956008DEE19 /* art.scnassets */ = {isa = PBXFileReference; lastKnownFileType = wrapper.scnassets; path = art.scnassets; sourceTree = "<group>"; };
		20ACACDF255D9956008DEE19 /* ViewController.swift */ = {isa = PBXFileReference; lastKnownFileType = sourcecode.swift; path = ViewController.swift; sourceTree = "<group>"; };
		20ACACE2255D9956008DEE19 /* Base */ = {isa = PBXFileReference; lastKnownFileType = file.storyboard; name = Base; path = Base.lproj/Main.storyboard; sourceTree = "<group>"; };
		20ACACE4255D9957008DEE19 /* Assets.xcassets */ = {isa = PBXFileReference; lastKnownFileType = folder.assetcatalog; path = Assets.xcassets; sourceTree = "<group>"; };
		20ACACE7255D9957008DEE19 /* Base */ = {isa = PBXFileReference; lastKnownFileType = file.storyboard; name = Base; path = Base.lproj/LaunchScreen.storyboard; sourceTree = "<group>"; };
		20ACACE9255D9957008DEE19 /* Info.plist */ = {isa = PBXFileReference; lastKnownFileType = text.plist.xml; path = Info.plist; sourceTree = "<group>"; };
		20ACACF0255D9997008DEE19 /* harrypotter.mp4 */ = {isa = PBXFileReference; lastKnownFileType = file; path = harrypotter.mp4; sourceTree = "<group>"; };
/* End PBXFileReference section */

/* Begin PBXFrameworksBuildPhase section */
		20ACACD5255D9956008DEE19 /* Frameworks */ = {
			isa = PBXFrameworksBuildPhase;
			buildActionMask = 2147483647;
			files = (
			);
			runOnlyForDeploymentPostprocessing = 0;
		};
/* End PBXFrameworksBuildPhase section */

/* Begin PBXGroup section */
		20ACACCF255D9956008DEE19 = {
			isa = PBXGroup;
			children = (
				20ACACDA255D9956008DEE19 /* newpaper */,
				20ACACD9255D9956008DEE19 /* Products */,
			);
			sourceTree = "<group>";
		};
		20ACACD9255D9956008DEE19 /* Products */ = {
			isa = PBXGroup;
			children = (
				20ACACD8255D9956008DEE19 /* newpaper.app */,
			);
			name = Products;
			sourceTree = "<group>";
		};
		20ACACDA255D9956008DEE19 /* newpaper */ = {
			isa = PBXGroup;
			children = (
				20ACACF0255D9997008DEE19 /* harrypotter.mp4 */,
				20ACACDB255D9956008DEE19 /* AppDelegate.swift */,
				20ACACDD255D9956008DEE19 /* art.scnassets */,
				20ACACDF255D9956008DEE19 /* ViewController.swift */,
				20ACACE1255D9956008DEE19 /* Main.storyboard */,
				20ACACE4255D9957008DEE19 /* Assets.xcassets */,
				20ACACE6255D9957008DEE19 /* LaunchScreen.storyboard */,
				20ACACE9255D9957008DEE19 /* Info.plist */,
			);
			path = newpaper;
			sourceTree = "<group>";
		};
/* End PBXGroup section */

/* Begin PBXNativeTarget section */
		20ACACD7255D9956008DEE19 /* newpaper */ = {
			isa = PBXNativeTarget;
			buildConfigurationList = 20ACACEC255D9957008DEE19 /* Build configuration list for PBXNativeTarget "newpaper" */;
			buildPhases = (
				20ACACD4255D9956008DEE19 /* Sources */,
				20ACACD5255D9956008DEE19 /* Frameworks */,
				20ACACD6255D9956008DEE19 /* Resources */,
			);
			buildRules = (
			);
			dependencies = (
			);
			name = newpaper;
			productName = newpaper;
			productReference = 20ACACD8255D9956008DEE19 /* newpaper.app */;
			productType = "com.apple.product-type.application";
		};
/* End PBXNativeTarget section */

/* Begin PBXProject section */
		20ACACD0255D9956008DEE19 /* Project object */ = {
			isa = PBXProject;
			attributes = {
				LastSwiftUpdateCheck = 1210;
				LastUpgradeCheck = 1210;
				TargetAttributes = {
					20ACACD7255D9956008DEE19 = {
						CreatedOnToolsVersion = 12.1;
					};
				};
			};
			buildConfigurationList = 20ACACD3255D9956008DEE19 /* Build configuration list for PBXProject "newpaper" */;
			compatibilityVersion = "Xcode 9.3";
			developmentRegion = en;
			hasScannedForEncodings = 0;
			knownRegions = (
				en,
				Base,
			);
			mainGroup = 20ACACCF255D9956008DEE19;
			productRefGroup = 20ACACD9255D9956008DEE19 /* Products */;
			projectDirPath = "";
			projectRoot = "";
			targets = (
				20ACACD7255D9956008DEE19 /* newpaper */,
			);
		};
/* End PBXProject section */

/* Begin PBXResourcesBuildPhase section */
		20ACACD6255D9956008DEE19 /* Resources */ = {
			isa = PBXResourcesBuildPhase;
			buildActionMask = 2147483647;
			files = (
				20ACACDE255D9956008DEE19 /* art.scnassets in Resources */,
				20ACACE8255D9957008DEE19 /* LaunchScreen.storyboard in Resources */,
				20ACACF1255D9997008DEE19 /* harrypotter.mp4 in Resources */,
				20ACACE5255D9957008DEE19 /* Assets.xcassets in Resources */,
				20ACACE3255D9956008DEE19 /* Main.storyboard in Resources */,
			);
			runOnlyForDeploymentPostprocessing = 0;
		};
/* End PBXResourcesBuildPhase section */

/* Begin PBXSourcesBuildPhase section */
		20ACACD4255D9956008DEE19 /* Sources */ = {
			isa = PBXSourcesBuildPhase;
			buildActionMask = 2147483647;
			files = (
				20ACACE0255D9956008DEE19 /* ViewController.swift in Sources */,
				20ACACDC255D9956008DEE19 /* AppDelegate.swift in Sources */,
			);
			runOnlyForDeploymentPostprocessing = 0;
		};
/* End PBXSourcesBuildPhase section */

/* Begin PBXVariantGroup section */
		20ACACE1255D9956008DEE19 /* Main.storyboard */ = {
			isa = PBXVariantGroup;
			children = (
				20ACACE2255D9956008DEE19 /* Base */,
			);
			name = Main.storyboard;
			sourceTree = "<group>";
		};
		20ACACE6255D9957008DEE19 /* LaunchScreen.storyboard */ = {
			isa = PBXVariantGroup;
			children = (
				20ACACE7255D9957008DEE19 /* Base */,
			);
			name = LaunchScreen.storyboard;
			sourceTree = "<group>";
		};
/* End PBXVariantGroup section */

/* Begin XCBuildConfiguration section */
		20ACACEA255D9957008DEE19 /* Debug */ = {
			isa = XCBuildConfiguration;
			buildSettings = {
				ALWAYS_SEARCH_USER_PATHS = NO;
				CLANG_ANALYZER_NONNULL = YES;
				CLANG_ANALYZER_NUMBER_OBJECT_CONVERSION = YES_AGGRESSIVE;
				CLANG_CXX_LANGUAGE_STANDARD = "gnu++14";
				CLANG_CXX_LIBRARY = "libc++";
				CLANG_ENABLE_MODULES = YES;
				CLANG_ENABLE_OBJC_ARC = YES;
				CLANG_ENABLE_OBJC_WEAK = YES;
				CLANG_WARN_BLOCK_CAPTURE_AUTORELEASING = YES;
				CLANG_WARN_BOOL_CONVERSION = YES;
				CLANG_WARN_COMMA = YES;
				CLANG_WARN_CONSTANT_CONVERSION = YES;
				CLANG_WARN_DEPRECATED_OBJC_IMPLEMENTATIONS = YES;
				CLANG_WARN_DIRECT_OBJC_ISA_USAGE = YES_ERROR;
				CLANG_WARN_DOCUMENTATION_COMMENTS = YES;
				CLANG_WARN_EMPTY_BODY = YES;
				CLANG_WARN_ENUM_CONVERSION = YES;
				CLANG_WARN_INFINITE_RECURSION = YES;
				CLANG_WARN_INT_CONVERSION = YES;
				CLANG_WARN_NON_LITERAL_NULL_CONVERSION = YES;
				CLANG_WARN_OBJC_IMPLICIT_RETAIN_SELF = YES;
				CLANG_WARN_OBJC_LITERAL_CONVERSION = YES;
				CLANG_WARN_OBJC_ROOT_CLASS = YES_ERROR;
				CLANG_WARN_QUOTED_INCLUDE_IN_FRAMEWORK_HEADER = YES;
				CLANG_WARN_RANGE_LOOP_ANALYSIS = YES;
				CLANG_WARN_STRICT_PROTOTYPES = YES;
				CLANG_WARN_SUSPICIOUS_MOVE = YES;
				CLANG_WARN_UNGUARDED_AVAILABILITY = YES_AGGRESSIVE;
				CLANG_WARN_UNREACHABLE_CODE = YES;
				CLANG_WARN__DUPLICATE_METHOD_MATCH = YES;
				COPY_PHASE_STRIP = NO;
				DEBUG_INFORMATION_FORMAT = dwarf;
				ENABLE_STRICT_OBJC_MSGSEND = YES;
				ENABLE_TESTABILITY = YES;
				GCC_C_LANGUAGE_STANDARD = gnu11;
				GCC_DYNAMIC_NO_PIC = NO;
				GCC_NO_COMMON_BLOCKS = YES;
				GCC_OPTIMIZATION_LEVEL = 0;
				GCC_PREPROCESSOR_DEFINITIONS = (
					"DEBUG=1",
					"$(inherited)",
				);
				GCC_WARN_64_TO_32_BIT_CONVERSION = YES;
				GCC_WARN_ABOUT_RETURN_TYPE = YES_ERROR;
				GCC_WARN_UNDECLARED_SELECTOR = YES;
				GCC_WARN_UNINITIALIZED_AUTOS = YES_AGGRESSIVE;
				GCC_WARN_UNUSED_FUNCTION = YES;
				GCC_WARN_UNUSED_VARIABLE = YES;
				IPHONEOS_DEPLOYMENT_TARGET = 14.1;
				MTL_ENABLE_DEBUG_INFO = INCLUDE_SOURCE;
				MTL_FAST_MATH = YES;
				ONLY_ACTIVE_ARCH = YES;
				SDKROOT = iphoneos;
				SWIFT_ACTIVE_COMPILATION_CONDITIONS = DEBUG;
				SWIFT_OPTIMIZATION_LEVEL = "-Onone";
			};
			name = Debug;
		};
		20ACACEB255D9957008DEE19 /* Release */ = {
			isa = XCBuildConfiguration;
			buildSettings = {
				ALWAYS_SEARCH_USER_PATHS = NO;
				CLANG_ANALYZER_NONNULL = YES;
				CLANG_ANALYZER_NUMBER_OBJECT_CONVERSION = YES_AGGRESSIVE;
				CLANG_CXX_LANGUAGE_STANDARD = "gnu++14";
				CLANG_CXX_LIBRARY = "libc++";
				CLANG_ENABLE_MODULES = YES;
				CLANG_ENABLE_OBJC_ARC = YES;
				CLANG_ENABLE_OBJC_WEAK = YES;
				CLANG_WARN_BLOCK_CAPTURE_AUTORELEASING = YES;
				CLANG_WARN_BOOL_CONVERSION = YES;
				CLANG_WARN_COMMA = YES;
				CLANG_WARN_CONSTANT_CONVERSION = YES;
				CLANG_WARN_DEPRECATED_OBJC_IMPLEMENTATIONS = YES;
				CLANG_WARN_DIRECT_OBJC_ISA_USAGE = YES_ERROR;
				CLANG_WARN_DOCUMENTATION_COMMENTS = YES;
				CLANG_WARN_EMPTY_BODY = YES;
				CLANG_WARN_ENUM_CONVERSION = YES;
				CLANG_WARN_INFINITE_RECURSION = YES;
				CLANG_WARN_INT_CONVERSION = YES;
				CLANG_WARN_NON_LITERAL_NULL_CONVERSION = YES;
				CLANG_WARN_OBJC_IMPLICIT_RETAIN_SELF = YES;
				CLANG_WARN_OBJC_LITERAL_CONVERSION = YES;
				CLANG_WARN_OBJC_ROOT_CLASS = YES_ERROR;
				CLANG_WARN_QUOTED_INCLUDE_IN_FRAMEWORK_HEADER = YES;
				CLANG_WARN_RANGE_LOOP_ANALYSIS = YES;
				CLANG_WARN_STRICT_PROTOTYPES = YES;
				CLANG_WARN_SUSPICIOUS_MOVE = YES;
				CLANG_WARN_UNGUARDED_AVAILABILITY = YES_AGGRESSIVE;
				CLANG_WARN_UNREACHABLE_CODE = YES;
				CLANG_WARN__DUPLICATE_METHOD_MATCH = YES;
				COPY_PHASE_STRIP = NO;
				DEBUG_INFORMATION_FORMAT = "dwarf-with-dsym";
				ENABLE_NS_ASSERTIONS = NO;
				ENABLE_STRICT_OBJC_MSGSEND = YES;
				GCC_C_LANGUAGE_STANDARD = gnu11;
				GCC_NO_COMMON_BLOCKS = YES;
				GCC_WARN_64_TO_32_BIT_CONVERSION = YES;
				GCC_WARN_ABOUT_RETURN_TYPE = YES_ERROR;
				GCC_WARN_UNDECLARED_SELECTOR = YES;
				GCC_WARN_UNINITIALIZED_AUTOS = YES_AGGRESSIVE;
				GCC_WARN_UNUSED_FUNCTION = YES;
				GCC_WARN_UNUSED_VARIABLE = YES;
				IPHONEOS_DEPLOYMENT_TARGET = 14.1;
				MTL_ENABLE_DEBUG_INFO = NO;
				MTL_FAST_MATH = YES;
				SDKROOT = iphoneos;
				SWIFT_COMPILATION_MODE = wholemodule;
				SWIFT_OPTIMIZATION_LEVEL = "-O";
				VALIDATE_PRODUCT = YES;
			};
			name = Release;
		};
		20ACACED255D9957008DEE19 /* Debug */ = {
			isa = XCBuildConfiguration;
			buildSettings = {
				ASSETCATALOG_COMPILER_APPICON_NAME = AppIcon;
				ASSETCATALOG_COMPILER_GLOBAL_ACCENT_COLOR_NAME = AccentColor;
				CODE_SIGN_STYLE = Automatic;
				INFOPLIST_FILE = newpaper/Info.plist;
				LD_RUNPATH_SEARCH_PATHS = (
					"$(inherited)",
					"@executable_path/Frameworks",
				);
				PRODUCT_BUNDLE_IDENTIFIER = "Hyunhak-Lee.newpaper";
				PRODUCT_NAME = "$(TARGET_NAME)";
				SWIFT_VERSION = 5.0;
				TARGETED_DEVICE_FAMILY = "1,2";
			};
			name = Debug;
		};
		20ACACEE255D9957008DEE19 /* Release */ = {
			isa = XCBuildConfiguration;
			buildSettings = {
				ASSETCATALOG_COMPILER_APPICON_NAME = AppIcon;
				ASSETCATALOG_COMPILER_GLOBAL_ACCENT_COLOR_NAME = AccentColor;
				CODE_SIGN_STYLE = Automatic;
				INFOPLIST_FILE = newpaper/Info.plist;
				LD_RUNPATH_SEARCH_PATHS = (
					"$(inherited)",
					"@executable_path/Frameworks",
				);
				PRODUCT_BUNDLE_IDENTIFIER = "Hyunhak-Lee.newpaper";
				PRODUCT_NAME = "$(TARGET_NAME)";
				SWIFT_VERSION = 5.0;
				TARGETED_DEVICE_FAMILY = "1,2";
			};
			name = Release;
		};
/* End XCBuildConfiguration section */

/* Begin XCConfigurationList section */
		20ACACD3255D9956008DEE19 /* Build configuration list for PBXProject "newpaper" */ = {
			isa = XCConfigurationList;
			buildConfigurations = (
				20ACACEA255D9957008DEE19 /* Debug */,
				20ACACEB255D9957008DEE19 /* Release */,
			);
			defaultConfigurationIsVisible = 0;
			defaultConfigurationName = Release;
		};
		20ACACEC255D9957008DEE19 /* Build configuration list for PBXNativeTarget "newpaper" */ = {
			isa = XCConfigurationList;
			buildConfigurations = (
				20ACACED255D9957008DEE19 /* Debug */,
				20ACACEE255D9957008DEE19 /* Release */,
			);
			defaultConfigurationIsVisible = 0;
			defaultConfigurationName = Release;
		};
/* End XCConfigurationList section */
	};
	rootObject = 20ACACD0255D9956008DEE19 /* Project object */;
}
